// !$*UTF8*$!
{
	archiveVersion = 1;
	classes = {
	};
	objectVersion = 55;
	objects = {

/* Begin PBXBuildFile section */
		EE33A62E282B7EE600BD4CB2 /* AstronautView.swift in Sources */ = {isa = PBXBuildFile; fileRef = EE33A62D282B7EE600BD4CB2 /* AstronautView.swift */; };
		EE7BE581282A26B6001DECCF /* MoonshotApp.swift in Sources */ = {isa = PBXBuildFile; fileRef = EE7BE580282A26B6001DECCF /* MoonshotApp.swift */; };
		EE7BE583282A26B6001DECCF /* TestView.swift in Sources */ = {isa = PBXBuildFile; fileRef = EE7BE582282A26B6001DECCF /* TestView.swift */; };
		EE7BE585282A26BA001DECCF /* Assets.xcassets in Resources */ = {isa = PBXBuildFile; fileRef = EE7BE584282A26BA001DECCF /* Assets.xcassets */; };
		EE7BE588282A26BA001DECCF /* Preview Assets.xcassets in Resources */ = {isa = PBXBuildFile; fileRef = EE7BE587282A26BA001DECCF /* Preview Assets.xcassets */; };
		EE7BE58F282A361A001DECCF /* ContentView.swift in Sources */ = {isa = PBXBuildFile; fileRef = EE7BE58E282A361A001DECCF /* ContentView.swift */; };
		EE7BE596282A39F4001DECCF /* missions.json in Resources */ = {isa = PBXBuildFile; fileRef = EE7BE594282A39F3001DECCF /* missions.json */; };
		EE7BE597282A39F4001DECCF /* astronauts.json in Resources */ = {isa = PBXBuildFile; fileRef = EE7BE595282A39F4001DECCF /* astronauts.json */; };
		EE7BE599282A3A43001DECCF /* Astronaut.swift in Sources */ = {isa = PBXBuildFile; fileRef = EE7BE598282A3A43001DECCF /* Astronaut.swift */; };
		EE7BE59B282A3AAC001DECCF /* Bundle-Decodable.swift in Sources */ = {isa = PBXBuildFile; fileRef = EE7BE59A282A3AAC001DECCF /* Bundle-Decodable.swift */; };
		EE7BE59D282A3CA4001DECCF /* Mission.swift in Sources */ = {isa = PBXBuildFile; fileRef = EE7BE59C282A3CA4001DECCF /* Mission.swift */; };
		EE7BE59F282A6AEA001DECCF /* Color-Theme.swift in Sources */ = {isa = PBXBuildFile; fileRef = EE7BE59E282A6AEA001DECCF /* Color-Theme.swift */; };
		EE7BE5A1282A6DA3001DECCF /* MissionView.swift in Sources */ = {isa = PBXBuildFile; fileRef = EE7BE5A0282A6DA3001DECCF /* MissionView.swift */; };
/* End PBXBuildFile section */

/* Begin PBXFileReference section */
		EE33A62D282B7EE600BD4CB2 /* AstronautView.swift */ = {isa = PBXFileReference; lastKnownFileType = sourcecode.swift; path = AstronautView.swift; sourceTree = "<group>"; };
		EE7BE57D282A26B6001DECCF /* Moonshot.app */ = {isa = PBXFileReference; explicitFileType = wrapper.application; includeInIndex = 0; path = Moonshot.app; sourceTree = BUILT_PRODUCTS_DIR; };
		EE7BE580282A26B6001DECCF /* MoonshotApp.swift */ = {isa = PBXFileReference; lastKnownFileType = sourcecode.swift; path = MoonshotApp.swift; sourceTree = "<group>"; };
		EE7BE582282A26B6001DECCF /* TestView.swift */ = {isa = PBXFileReference; lastKnownFileType = sourcecode.swift; path = TestView.swift; sourceTree = "<group>"; };
		EE7BE584282A26BA001DECCF /* Assets.xcassets */ = {isa = PBXFileReference; lastKnownFileType = folder.assetcatalog; path = Assets.xcassets; sourceTree = "<group>"; };
		EE7BE587282A26BA001DECCF /* Preview Assets.xcassets */ = {isa = PBXFileReference; lastKnownFileType = folder.assetcatalog; path = "Preview Assets.xcassets"; sourceTree = "<group>"; };
		EE7BE58E282A361A001DECCF /* ContentView.swift */ = {isa = PBXFileReference; lastKnownFileType = sourcecode.swift; path = ContentView.swift; sourceTree = "<group>"; };
		EE7BE594282A39F3001DECCF /* missions.json */ = {isa = PBXFileReference; fileEncoding = 4; lastKnownFileType = text.json; path = missions.json; sourceTree = "<group>"; };
		EE7BE595282A39F4001DECCF /* astronauts.json */ = {isa = PBXFileReference; fileEncoding = 4; lastKnownFileType = text.json; path = astronauts.json; sourceTree = "<group>"; };
		EE7BE598282A3A43001DECCF /* Astronaut.swift */ = {isa = PBXFileReference; lastKnownFileType = sourcecode.swift; path = Astronaut.swift; sourceTree = "<group>"; };
		EE7BE59A282A3AAC001DECCF /* Bundle-Decodable.swift */ = {isa = PBXFileReference; lastKnownFileType = sourcecode.swift; path = "Bundle-Decodable.swift"; sourceTree = "<group>"; };
		EE7BE59C282A3CA4001DECCF /* Mission.swift */ = {isa = PBXFileReference; lastKnownFileType = sourcecode.swift; path = Mission.swift; sourceTree = "<group>"; };
		EE7BE59E282A6AEA001DECCF /* Color-Theme.swift */ = {isa = PBXFileReference; lastKnownFileType = sourcecode.swift; path = "Color-Theme.swift"; sourceTree = "<group>"; };
		EE7BE5A0282A6DA3001DECCF /* MissionView.swift */ = {isa = PBXFileReference; lastKnownFileType = sourcecode.swift; path = MissionView.swift; sourceTree = "<group>"; };
/* End PBXFileReference section */

/* Begin PBXFrameworksBuildPhase section */
		EE7BE57A282A26B6001DECCF /* Frameworks */ = {
			isa = PBXFrameworksBuildPhase;
			buildActionMask = 2147483647;
			files = (
			);
			runOnlyForDeploymentPostprocessing = 0;
		};
/* End PBXFrameworksBuildPhase section */

/* Begin PBXGroup section */
		EE7BE574282A26B6001DECCF = {
			isa = PBXGroup;
			children = (
				EE7BE57F282A26B6001DECCF /* Moonshot */,
				EE7BE57E282A26B6001DECCF /* Products */,
			);
			sourceTree = "<group>";
		};
		EE7BE57E282A26B6001DECCF /* Products */ = {
			isa = PBXGroup;
			children = (
				EE7BE57D282A26B6001DECCF /* Moonshot.app */,
			);
			name = Products;
			sourceTree = "<group>";
		};
		EE7BE57F282A26B6001DECCF /* Moonshot */ = {
			isa = PBXGroup;
			children = (
				EE7BE595282A39F4001DECCF /* astronauts.json */,
				EE7BE598282A3A43001DECCF /* Astronaut.swift */,
				EE7BE59A282A3AAC001DECCF /* Bundle-Decodable.swift */,
				EE7BE594282A39F3001DECCF /* missions.json */,
				EE7BE580282A26B6001DECCF /* MoonshotApp.swift */,
				EE7BE582282A26B6001DECCF /* TestView.swift */,
				EE7BE58E282A361A001DECCF /* ContentView.swift */,
				EE7BE5A0282A6DA3001DECCF /* MissionView.swift */,
				EE33A62D282B7EE600BD4CB2 /* AstronautView.swift */,
				EE7BE584282A26BA001DECCF /* Assets.xcassets */,
				EE7BE586282A26BA001DECCF /* Preview Content */,
				EE7BE59C282A3CA4001DECCF /* Mission.swift */,
				EE7BE59E282A6AEA001DECCF /* Color-Theme.swift */,
			);
			path = Moonshot;
			sourceTree = "<group>";
		};
		EE7BE586282A26BA001DECCF /* Preview Content */ = {
			isa = PBXGroup;
			children = (
				EE7BE587282A26BA001DECCF /* Preview Assets.xcassets */,
			);
			path = "Preview Content";
			sourceTree = "<group>";
		};
/* End PBXGroup section */

/* Begin PBXNativeTarget section */
		EE7BE57C282A26B6001DECCF /* Moonshot */ = {
			isa = PBXNativeTarget;
			buildConfigurationList = EE7BE58B282A26BA001DECCF /* Build configuration list for PBXNativeTarget "Moonshot" */;
			buildPhases = (
				EE7BE579282A26B6001DECCF /* Sources */,
				EE7BE57A282A26B6001DECCF /* Frameworks */,
				EE7BE57B282A26B6001DECCF /* Resources */,
			);
			buildRules = (
			);
			dependencies = (
			);
			name = Moonshot;
			productName = Moonshot;
			productReference = EE7BE57D282A26B6001DECCF /* Moonshot.app */;
			productType = "com.apple.product-type.application";
		};
/* End PBXNativeTarget section */

/* Begin PBXProject section */
		EE7BE575282A26B6001DECCF /* Project object */ = {
			isa = PBXProject;
			attributes = {
				BuildIndependentTargetsInParallel = 1;
				LastSwiftUpdateCheck = 1330;
				LastUpgradeCheck = 1330;
				TargetAttributes = {
					EE7BE57C282A26B6001DECCF = {
						CreatedOnToolsVersion = 13.3.1;
					};
				};
			};
			buildConfigurationList = EE7BE578282A26B6001DECCF /* Build configuration list for PBXProject "Moonshot" */;
			compatibilityVersion = "Xcode 13.0";
			developmentRegion = en;
			hasScannedForEncodings = 0;
			knownRegions = (
				en,
				Base,
			);
			mainGroup = EE7BE574282A26B6001DECCF;
			productRefGroup = EE7BE57E282A26B6001DECCF /* Products */;
			projectDirPath = "";
			projectRoot = "";
			targets = (
				EE7BE57C282A26B6001DECCF /* Moonshot */,
			);
		};
/* End PBXProject section */

/* Begin PBXResourcesBuildPhase section */
		EE7BE57B282A26B6001DECCF /* Resources */ = {
			isa = PBXResourcesBuildPhase;
			buildActionMask = 2147483647;
			files = (
				EE7BE588282A26BA001DECCF /* Preview Assets.xcassets in Resources */,
				EE7BE596282A39F4001DECCF /* missions.json in Resources */,
				EE7BE585282A26BA001DECCF /* Assets.xcassets in Resources */,
				EE7BE597282A39F4001DECCF /* astronauts.json in Resources */,
			);
			runOnlyForDeploymentPostprocessing = 0;
		};
/* End PBXResourcesBuildPhase section */

/* Begin PBXSourcesBuildPhase section */
		EE7BE579282A26B6001DECCF /* Sources */ = {
			isa = PBXSourcesBuildPhase;
			buildActionMask = 2147483647;
			files = (
				EE7BE59D282A3CA4001DECCF /* Mission.swift in Sources */,
				EE33A62E282B7EE600BD4CB2 /* AstronautView.swift in Sources */,
				EE7BE5A1282A6DA3001DECCF /* MissionView.swift in Sources */,
				EE7BE583282A26B6001DECCF /* TestView.swift in Sources */,
				EE7BE59F282A6AEA001DECCF /* Color-Theme.swift in Sources */,
				EE7BE581282A26B6001DECCF /* MoonshotApp.swift in Sources */,
				EE7BE59B282A3AAC001DECCF /* Bundle-Decodable.swift in Sources */,
				EE7BE58F282A361A001DECCF /* ContentView.swift in Sources */,
				EE7BE599282A3A43001DECCF /* Astronaut.swift in Sources */,
			);
			runOnlyForDeploymentPostprocessing = 0;
		};
/* End PBXSourcesBuildPhase section */

/* Begin XCBuildConfiguration section */
		EE7BE589282A26BA001DECCF /* Debug */ = {
			isa = XCBuildConfiguration;
			buildSettings = {
				ALWAYS_SEARCH_USER_PATHS = NO;
				CLANG_ANALYZER_NONNULL = YES;
				CLANG_ANALYZER_NUMBER_OBJECT_CONVERSION = YES_AGGRESSIVE;
				CLANG_CXX_LANGUAGE_STANDARD = "gnu++17";
				CLANG_ENABLE_MODULES = YES;
				CLANG_ENABLE_OBJC_ARC = YES;
				CLANG_ENABLE_OBJC_WEAK = YES;
				CLANG_WARN_BLOCK_CAPTURE_AUTORELEASING = YES;
				CLANG_WARN_BOOL_CONVERSION = YES;
				CLANG_WARN_COMMA = YES;
				CLANG_WARN_CONSTANT_CONVERSION = YES;
				CLANG_WARN_DEPRECATED_OBJC_IMPLEMENTATIONS = YES;
				CLANG_WARN_DIRECT_OBJC_ISA_USAGE = YES_ERROR;
				CLANG_WARN_DOCUMENTATION_COMMENTS = YES;
				CLANG_WARN_EMPTY_BODY = YES;
				CLANG_WARN_ENUM_CONVERSION = YES;
				CLANG_WARN_INFINITE_RECURSION = YES;
				CLANG_WARN_INT_CONVERSION = YES;
				CLANG_WARN_NON_LITERAL_NULL_CONVERSION = YES;
				CLANG_WARN_OBJC_IMPLICIT_RETAIN_SELF = YES;
				CLANG_WARN_OBJC_LITERAL_CONVERSION = YES;
				CLANG_WARN_OBJC_ROOT_CLASS = YES_ERROR;
				CLANG_WARN_QUOTED_INCLUDE_IN_FRAMEWORK_HEADER = YES;
				CLANG_WARN_RANGE_LOOP_ANALYSIS = YES;
				CLANG_WARN_STRICT_PROTOTYPES = YES;
				CLANG_WARN_SUSPICIOUS_MOVE = YES;
				CLANG_WARN_UNGUARDED_AVAILABILITY = YES_AGGRESSIVE;
				CLANG_WARN_UNREACHABLE_CODE = YES;
				CLANG_WARN__DUPLICATE_METHOD_MATCH = YES;
				COPY_PHASE_STRIP = NO;
				DEBUG_INFORMATION_FORMAT = dwarf;
				ENABLE_STRICT_OBJC_MSGSEND = YES;
				ENABLE_TESTABILITY = YES;
				GCC_C_LANGUAGE_STANDARD = gnu11;
				GCC_DYNAMIC_NO_PIC = NO;
				GCC_NO_COMMON_BLOCKS = YES;
				GCC_OPTIMIZATION_LEVEL = 0;
				GCC_PREPROCESSOR_DEFINITIONS = (
					"DEBUG=1",
					"$(inherited)",
				);
				GCC_WARN_64_TO_32_BIT_CONVERSION = YES;
				GCC_WARN_ABOUT_RETURN_TYPE = YES_ERROR;
				GCC_WARN_UNDECLARED_SELECTOR = YES;
				GCC_WARN_UNINITIALIZED_AUTOS = YES_AGGRESSIVE;
				GCC_WARN_UNUSED_FUNCTION = YES;
				GCC_WARN_UNUSED_VARIABLE = YES;
				IPHONEOS_DEPLOYMENT_TARGET = 15.4;
				MTL_ENABLE_DEBUG_INFO = INCLUDE_SOURCE;
				MTL_FAST_MATH = YES;
				ONLY_ACTIVE_ARCH = YES;
				SDKROOT = iphoneos;
				SWIFT_ACTIVE_COMPILATION_CONDITIONS = DEBUG;
				SWIFT_OPTIMIZATION_LEVEL = "-Onone";
			};
			name = Debug;
		};
		EE7BE58A282A26BA001DECCF /* Release */ = {
			isa = XCBuildConfiguration;
			buildSettings = {
				ALWAYS_SEARCH_USER_PATHS = NO;
				CLANG_ANALYZER_NONNULL = YES;
				CLANG_ANALYZER_NUMBER_OBJECT_CONVERSION = YES_AGGRESSIVE;
				CLANG_CXX_LANGUAGE_STANDARD = "gnu++17";
				CLANG_ENABLE_MODULES = YES;
				CLANG_ENABLE_OBJC_ARC = YES;
				CLANG_ENABLE_OBJC_WEAK = YES;
				CLANG_WARN_BLOCK_CAPTURE_AUTORELEASING = YES;
				CLANG_WARN_BOOL_CONVERSION = YES;
				CLANG_WARN_COMMA = YES;
				CLANG_WARN_CONSTANT_CONVERSION = YES;
				CLANG_WARN_DEPRECATED_OBJC_IMPLEMENTATIONS = YES;
				CLANG_WARN_DIRECT_OBJC_ISA_USAGE = YES_ERROR;
				CLANG_WARN_DOCUMENTATION_COMMENTS = YES;
				CLANG_WARN_EMPTY_BODY = YES;
				CLANG_WARN_ENUM_CONVERSION = YES;
				CLANG_WARN_INFINITE_RECURSION = YES;
				CLANG_WARN_INT_CONVERSION = YES;
				CLANG_WARN_NON_LITERAL_NULL_CONVERSION = YES;
				CLANG_WARN_OBJC_IMPLICIT_RETAIN_SELF = YES;
				CLANG_WARN_OBJC_LITERAL_CONVERSION = YES;
				CLANG_WARN_OBJC_ROOT_CLASS = YES_ERROR;
				CLANG_WARN_QUOTED_INCLUDE_IN_FRAMEWORK_HEADER = YES;
				CLANG_WARN_RANGE_LOOP_ANALYSIS = YES;
				CLANG_WARN_STRICT_PROTOTYPES = YES;
				CLANG_WARN_SUSPICIOUS_MOVE = YES;
				CLANG_WARN_UNGUARDED_AVAILABILITY = YES_AGGRESSIVE;
				CLANG_WARN_UNREACHABLE_CODE = YES;
				CLANG_WARN__DUPLICATE_METHOD_MATCH = YES;
				COPY_PHASE_STRIP = NO;
				DEBUG_INFORMATION_FORMAT = "dwarf-with-dsym";
				ENABLE_NS_ASSERTIONS = NO;
				ENABLE_STRICT_OBJC_MSGSEND = YES;
				GCC_C_LANGUAGE_STANDARD = gnu11;
				GCC_NO_COMMON_BLOCKS = YES;
				GCC_WARN_64_TO_32_BIT_CONVERSION = YES;
				GCC_WARN_ABOUT_RETURN_TYPE = YES_ERROR;
				GCC_WARN_UNDECLARED_SELECTOR = YES;
				GCC_WARN_UNINITIALIZED_AUTOS = YES_AGGRESSIVE;
				GCC_WARN_UNUSED_FUNCTION = YES;
				GCC_WARN_UNUSED_VARIABLE = YES;
				IPHONEOS_DEPLOYMENT_TARGET = 15.4;
				MTL_ENABLE_DEBUG_INFO = NO;
				MTL_FAST_MATH = YES;
				SDKROOT = iphoneos;
				SWIFT_COMPILATION_MODE = wholemodule;
				SWIFT_OPTIMIZATION_LEVEL = "-O";
				VALIDATE_PRODUCT = YES;
			};
			name = Release;
		};
		EE7BE58C282A26BA001DECCF /* Debug */ = {
			isa = XCBuildConfiguration;
			buildSettings = {
				ASSETCATALOG_COMPILER_APPICON_NAME = AppIcon;
				ASSETCATALOG_COMPILER_GLOBAL_ACCENT_COLOR_NAME = AccentColor;
				CODE_SIGN_STYLE = Automatic;
				CURRENT_PROJECT_VERSION = 1;
				DEVELOPMENT_ASSET_PATHS = "\"Moonshot/Preview Content\"";
				ENABLE_PREVIEWS = YES;
				GENERATE_INFOPLIST_FILE = YES;
				INFOPLIST_KEY_UIApplicationSceneManifest_Generation = YES;
				INFOPLIST_KEY_UIApplicationSupportsIndirectInputEvents = YES;
				INFOPLIST_KEY_UILaunchScreen_Generation = YES;
				INFOPLIST_KEY_UISupportedInterfaceOrientations_iPad = "UIInterfaceOrientationPortrait UIInterfaceOrientationPortraitUpsideDown UIInterfaceOrientationLandscapeLeft UIInterfaceOrientationLandscapeRight";
				INFOPLIST_KEY_UISupportedInterfaceOrientations_iPhone = "UIInterfaceOrientationPortrait UIInterfaceOrientationLandscapeLeft UIInterfaceOrientationLandscapeRight";
				LD_RUNPATH_SEARCH_PATHS = (
					"$(inherited)",
					"@executable_path/Frameworks",
				);
				MARKETING_VERSION = 1.0;
				PRODUCT_BUNDLE_IDENTIFIER = com.sg.Moonshot;
				PRODUCT_NAME = "$(TARGET_NAME)";
				SWIFT_EMIT_LOC_STRINGS = YES;
				SWIFT_VERSION = 5.0;
				TARGETED_DEVICE_FAMILY = "1,2";
			};
			name = Debug;
		};
		EE7BE58D282A26BA001DECCF /* Release */ = {
			isa = XCBuildConfiguration;
			buildSettings = {
				ASSETCATALOG_COMPILER_APPICON_NAME = AppIcon;
				ASSETCATALOG_COMPILER_GLOBAL_ACCENT_COLOR_NAME = AccentColor;
				CODE_SIGN_STYLE = Automatic;
				CURRENT_PROJECT_VERSION = 1;
				DEVELOPMENT_ASSET_PATHS = "\"Moonshot/Preview Content\"";
				ENABLE_PREVIEWS = YES;
				GENERATE_INFOPLIST_FILE = YES;
				INFOPLIST_KEY_UIApplicationSceneManifest_Generation = YES;
				INFOPLIST_KEY_UIApplicationSupportsIndirectInputEvents = YES;
				INFOPLIST_KEY_UILaunchScreen_Generation = YES;
				INFOPLIST_KEY_UISupportedInterfaceOrientations_iPad = "UIInterfaceOrientationPortrait UIInterfaceOrientationPortraitUpsideDown UIInterfaceOrientationLandscapeLeft UIInterfaceOrientationLandscapeRight";
				INFOPLIST_KEY_UISupportedInterfaceOrientations_iPhone = "UIInterfaceOrientationPortrait UIInterfaceOrientationLandscapeLeft UIInterfaceOrientationLandscapeRight";
				LD_RUNPATH_SEARCH_PATHS = (
					"$(inherited)",
					"@executable_path/Frameworks",
				);
				MARKETING_VERSION = 1.0;
				PRODUCT_BUNDLE_IDENTIFIER = com.sg.Moonshot;
				PRODUCT_NAME = "$(TARGET_NAME)";
				SWIFT_EMIT_LOC_STRINGS = YES;
				SWIFT_VERSION = 5.0;
				TARGETED_DEVICE_FAMILY = "1,2";
			};
			name = Release;
		};
/* End XCBuildConfiguration section */

/* Begin XCConfigurationList section */
		EE7BE578282A26B6001DECCF /* Build configuration list for PBXProject "Moonshot" */ = {
			isa = XCConfigurationList;
			buildConfigurations = (
				EE7BE589282A26BA001DECCF /* Debug */,
				EE7BE58A282A26BA001DECCF /* Release */,
			);
			defaultConfigurationIsVisible = 0;
			defaultConfigurationName = Release;
		};
		EE7BE58B282A26BA001DECCF /* Build configuration list for PBXNativeTarget "Moonshot" */ = {
			isa = XCConfigurationList;
			buildConfigurations = (
				EE7BE58C282A26BA001DECCF /* Debug */,
				EE7BE58D282A26BA001DECCF /* Release */,
			);
			defaultConfigurationIsVisible = 0;
			defaultConfigurationName = Release;
		};
/* End XCConfigurationList section */
	};
	rootObject = EE7BE575282A26B6001DECCF /* Project object */;
}
