// !$*UTF8*$!
{
	archiveVersion = 1;
	classes = {
	};
	objectVersion = 55;
	objects = {

/* Begin PBXBuildFile section */
		EE046089283A04FE008A137B /* EditView.swift in Sources */ = {isa = PBXBuildFile; fileRef = EE046088283A04FE008A137B /* EditView.swift */; };
		EE04608B283A0B5A008A137B /* Result.swift in Sources */ = {isa = PBXBuildFile; fileRef = EE04608A283A0B5A008A137B /* Result.swift */; };
		EE04608D283A1364008A137B /* ContentView-ViewModel.swift in Sources */ = {isa = PBXBuildFile; fileRef = EE04608C283A1364008A137B /* ContentView-ViewModel.swift */; };
		EE04608F283A17D2008A137B /* FileManager-DocumentsDirectory.swift in Sources */ = {isa = PBXBuildFile; fileRef = EE04608E283A17D2008A137B /* FileManager-DocumentsDirectory.swift */; };
		EE046091283A3C19008A137B /* EditView-ViewModel.swift in Sources */ = {isa = PBXBuildFile; fileRef = EE046090283A3C19008A137B /* EditView-ViewModel.swift */; };
		EECD04582838E8C40025A614 /* BucketListApp.swift in Sources */ = {isa = PBXBuildFile; fileRef = EECD04572838E8C40025A614 /* BucketListApp.swift */; };
		EECD045A2838E8C40025A614 /* TestView.swift in Sources */ = {isa = PBXBuildFile; fileRef = EECD04592838E8C40025A614 /* TestView.swift */; };
		EECD045C2838E8CF0025A614 /* Assets.xcassets in Resources */ = {isa = PBXBuildFile; fileRef = EECD045B2838E8CF0025A614 /* Assets.xcassets */; };
		EECD045F2838E8CF0025A614 /* Preview Assets.xcassets in Resources */ = {isa = PBXBuildFile; fileRef = EECD045E2838E8CF0025A614 /* Preview Assets.xcassets */; };
		EECD04662838F77B0025A614 /* SimpleMap.swift in Sources */ = {isa = PBXBuildFile; fileRef = EECD04652838F77B0025A614 /* SimpleMap.swift */; };
		EECD04682838FD640025A614 /* SimpleFaceID.swift in Sources */ = {isa = PBXBuildFile; fileRef = EECD04672838FD640025A614 /* SimpleFaceID.swift */; };
		EECD046A2839028B0025A614 /* ContentView.swift in Sources */ = {isa = PBXBuildFile; fileRef = EECD04692839028B0025A614 /* ContentView.swift */; };
		EECD046C283904A90025A614 /* Location.swift in Sources */ = {isa = PBXBuildFile; fileRef = EECD046B283904A90025A614 /* Location.swift */; };
/* End PBXBuildFile section */

/* Begin PBXFileReference section */
		EE046088283A04FE008A137B /* EditView.swift */ = {isa = PBXFileReference; lastKnownFileType = sourcecode.swift; path = EditView.swift; sourceTree = "<group>"; };
		EE04608A283A0B5A008A137B /* Result.swift */ = {isa = PBXFileReference; lastKnownFileType = sourcecode.swift; path = Result.swift; sourceTree = "<group>"; };
		EE04608C283A1364008A137B /* ContentView-ViewModel.swift */ = {isa = PBXFileReference; lastKnownFileType = sourcecode.swift; path = "ContentView-ViewModel.swift"; sourceTree = "<group>"; };
		EE04608E283A17D2008A137B /* FileManager-DocumentsDirectory.swift */ = {isa = PBXFileReference; lastKnownFileType = sourcecode.swift; path = "FileManager-DocumentsDirectory.swift"; sourceTree = "<group>"; };
		EE046090283A3C19008A137B /* EditView-ViewModel.swift */ = {isa = PBXFileReference; lastKnownFileType = sourcecode.swift; path = "EditView-ViewModel.swift"; sourceTree = "<group>"; };
		EECD04542838E8C40025A614 /* BucketList.app */ = {isa = PBXFileReference; explicitFileType = wrapper.application; includeInIndex = 0; path = BucketList.app; sourceTree = BUILT_PRODUCTS_DIR; };
		EECD04572838E8C40025A614 /* BucketListApp.swift */ = {isa = PBXFileReference; lastKnownFileType = sourcecode.swift; path = BucketListApp.swift; sourceTree = "<group>"; };
		EECD04592838E8C40025A614 /* TestView.swift */ = {isa = PBXFileReference; lastKnownFileType = sourcecode.swift; path = TestView.swift; sourceTree = "<group>"; };
		EECD045B2838E8CF0025A614 /* Assets.xcassets */ = {isa = PBXFileReference; lastKnownFileType = folder.assetcatalog; path = Assets.xcassets; sourceTree = "<group>"; };
		EECD045E2838E8CF0025A614 /* Preview Assets.xcassets */ = {isa = PBXFileReference; lastKnownFileType = folder.assetcatalog; path = "Preview Assets.xcassets"; sourceTree = "<group>"; };
		EECD04652838F77B0025A614 /* SimpleMap.swift */ = {isa = PBXFileReference; lastKnownFileType = sourcecode.swift; path = SimpleMap.swift; sourceTree = "<group>"; };
		EECD04672838FD640025A614 /* SimpleFaceID.swift */ = {isa = PBXFileReference; lastKnownFileType = sourcecode.swift; path = SimpleFaceID.swift; sourceTree = "<group>"; };
		EECD04692839028B0025A614 /* ContentView.swift */ = {isa = PBXFileReference; lastKnownFileType = sourcecode.swift; path = ContentView.swift; sourceTree = "<group>"; };
		EECD046B283904A90025A614 /* Location.swift */ = {isa = PBXFileReference; lastKnownFileType = sourcecode.swift; path = Location.swift; sourceTree = "<group>"; };
/* End PBXFileReference section */

/* Begin PBXFrameworksBuildPhase section */
		EECD04512838E8C40025A614 /* Frameworks */ = {
			isa = PBXFrameworksBuildPhase;
			buildActionMask = 2147483647;
			files = (
			);
			runOnlyForDeploymentPostprocessing = 0;
		};
/* End PBXFrameworksBuildPhase section */

/* Begin PBXGroup section */
		EECD044B2838E8C40025A614 = {
			isa = PBXGroup;
			children = (
				EECD04562838E8C40025A614 /* BucketList */,
				EECD04552838E8C40025A614 /* Products */,
			);
			sourceTree = "<group>";
		};
		EECD04552838E8C40025A614 /* Products */ = {
			isa = PBXGroup;
			children = (
				EECD04542838E8C40025A614 /* BucketList.app */,
			);
			name = Products;
			sourceTree = "<group>";
		};
		EECD04562838E8C40025A614 /* BucketList */ = {
			isa = PBXGroup;
			children = (
				EECD04572838E8C40025A614 /* BucketListApp.swift */,
				EECD04592838E8C40025A614 /* TestView.swift */,
				EECD04692839028B0025A614 /* ContentView.swift */,
				EE04608A283A0B5A008A137B /* Result.swift */,
				EE04608C283A1364008A137B /* ContentView-ViewModel.swift */,
				EE046090283A3C19008A137B /* EditView-ViewModel.swift */,
				EE046088283A04FE008A137B /* EditView.swift */,
				EECD046B283904A90025A614 /* Location.swift */,
				EECD04652838F77B0025A614 /* SimpleMap.swift */,
				EECD045B2838E8CF0025A614 /* Assets.xcassets */,
				EECD045D2838E8CF0025A614 /* Preview Content */,
				EECD04672838FD640025A614 /* SimpleFaceID.swift */,
				EE04608E283A17D2008A137B /* FileManager-DocumentsDirectory.swift */,
			);
			path = BucketList;
			sourceTree = "<group>";
		};
		EECD045D2838E8CF0025A614 /* Preview Content */ = {
			isa = PBXGroup;
			children = (
				EECD045E2838E8CF0025A614 /* Preview Assets.xcassets */,
			);
			path = "Preview Content";
			sourceTree = "<group>";
		};
/* End PBXGroup section */

/* Begin PBXNativeTarget section */
		EECD04532838E8C40025A614 /* BucketList */ = {
			isa = PBXNativeTarget;
			buildConfigurationList = EECD04622838E8CF0025A614 /* Build configuration list for PBXNativeTarget "BucketList" */;
			buildPhases = (
				EECD04502838E8C40025A614 /* Sources */,
				EECD04512838E8C40025A614 /* Frameworks */,
				EECD04522838E8C40025A614 /* Resources */,
			);
			buildRules = (
			);
			dependencies = (
			);
			name = BucketList;
			productName = BucketList;
			productReference = EECD04542838E8C40025A614 /* BucketList.app */;
			productType = "com.apple.product-type.application";
		};
/* End PBXNativeTarget section */

/* Begin PBXProject section */
		EECD044C2838E8C40025A614 /* Project object */ = {
			isa = PBXProject;
			attributes = {
				BuildIndependentTargetsInParallel = 1;
				LastSwiftUpdateCheck = 1330;
				LastUpgradeCheck = 1330;
				TargetAttributes = {
					EECD04532838E8C40025A614 = {
						CreatedOnToolsVersion = 13.3.1;
					};
				};
			};
			buildConfigurationList = EECD044F2838E8C40025A614 /* Build configuration list for PBXProject "BucketList" */;
			compatibilityVersion = "Xcode 13.0";
			developmentRegion = en;
			hasScannedForEncodings = 0;
			knownRegions = (
				en,
				Base,
			);
			mainGroup = EECD044B2838E8C40025A614;
			productRefGroup = EECD04552838E8C40025A614 /* Products */;
			projectDirPath = "";
			projectRoot = "";
			targets = (
				EECD04532838E8C40025A614 /* BucketList */,
			);
		};
/* End PBXProject section */

/* Begin PBXResourcesBuildPhase section */
		EECD04522838E8C40025A614 /* Resources */ = {
			isa = PBXResourcesBuildPhase;
			buildActionMask = 2147483647;
			files = (
				EECD045F2838E8CF0025A614 /* Preview Assets.xcassets in Resources */,
				EECD045C2838E8CF0025A614 /* Assets.xcassets in Resources */,
			);
			runOnlyForDeploymentPostprocessing = 0;
		};
/* End PBXResourcesBuildPhase section */

/* Begin PBXSourcesBuildPhase section */
		EECD04502838E8C40025A614 /* Sources */ = {
			isa = PBXSourcesBuildPhase;
			buildActionMask = 2147483647;
			files = (
				EECD04662838F77B0025A614 /* SimpleMap.swift in Sources */,
				EE046091283A3C19008A137B /* EditView-ViewModel.swift in Sources */,
				EECD046A2839028B0025A614 /* ContentView.swift in Sources */,
				EECD045A2838E8C40025A614 /* TestView.swift in Sources */,
				EECD04582838E8C40025A614 /* BucketListApp.swift in Sources */,
				EE04608D283A1364008A137B /* ContentView-ViewModel.swift in Sources */,
				EE046089283A04FE008A137B /* EditView.swift in Sources */,
				EE04608F283A17D2008A137B /* FileManager-DocumentsDirectory.swift in Sources */,
				EECD046C283904A90025A614 /* Location.swift in Sources */,
				EE04608B283A0B5A008A137B /* Result.swift in Sources */,
				EECD04682838FD640025A614 /* SimpleFaceID.swift in Sources */,
			);
			runOnlyForDeploymentPostprocessing = 0;
		};
/* End PBXSourcesBuildPhase section */

/* Begin XCBuildConfiguration section */
		EECD04602838E8CF0025A614 /* Debug */ = {
			isa = XCBuildConfiguration;
			buildSettings = {
				ALWAYS_SEARCH_USER_PATHS = NO;
				CLANG_ANALYZER_NONNULL = YES;
				CLANG_ANALYZER_NUMBER_OBJECT_CONVERSION = YES_AGGRESSIVE;
				CLANG_CXX_LANGUAGE_STANDARD = "gnu++17";
				CLANG_ENABLE_MODULES = YES;
				CLANG_ENABLE_OBJC_ARC = YES;
				CLANG_ENABLE_OBJC_WEAK = YES;
				CLANG_WARN_BLOCK_CAPTURE_AUTORELEASING = YES;
				CLANG_WARN_BOOL_CONVERSION = YES;
				CLANG_WARN_COMMA = YES;
				CLANG_WARN_CONSTANT_CONVERSION = YES;
				CLANG_WARN_DEPRECATED_OBJC_IMPLEMENTATIONS = YES;
				CLANG_WARN_DIRECT_OBJC_ISA_USAGE = YES_ERROR;
				CLANG_WARN_DOCUMENTATION_COMMENTS = YES;
				CLANG_WARN_EMPTY_BODY = YES;
				CLANG_WARN_ENUM_CONVERSION = YES;
				CLANG_WARN_INFINITE_RECURSION = YES;
				CLANG_WARN_INT_CONVERSION = YES;
				CLANG_WARN_NON_LITERAL_NULL_CONVERSION = YES;
				CLANG_WARN_OBJC_IMPLICIT_RETAIN_SELF = YES;
				CLANG_WARN_OBJC_LITERAL_CONVERSION = YES;
				CLANG_WARN_OBJC_ROOT_CLASS = YES_ERROR;
				CLANG_WARN_QUOTED_INCLUDE_IN_FRAMEWORK_HEADER = YES;
				CLANG_WARN_RANGE_LOOP_ANALYSIS = YES;
				CLANG_WARN_STRICT_PROTOTYPES = YES;
				CLANG_WARN_SUSPICIOUS_MOVE = YES;
				CLANG_WARN_UNGUARDED_AVAILABILITY = YES_AGGRESSIVE;
				CLANG_WARN_UNREACHABLE_CODE = YES;
				CLANG_WARN__DUPLICATE_METHOD_MATCH = YES;
				COPY_PHASE_STRIP = NO;
				DEBUG_INFORMATION_FORMAT = dwarf;
				ENABLE_STRICT_OBJC_MSGSEND = YES;
				ENABLE_TESTABILITY = YES;
				GCC_C_LANGUAGE_STANDARD = gnu11;
				GCC_DYNAMIC_NO_PIC = NO;
				GCC_NO_COMMON_BLOCKS = YES;
				GCC_OPTIMIZATION_LEVEL = 0;
				GCC_PREPROCESSOR_DEFINITIONS = (
					"DEBUG=1",
					"$(inherited)",
				);
				GCC_WARN_64_TO_32_BIT_CONVERSION = YES;
				GCC_WARN_ABOUT_RETURN_TYPE = YES_ERROR;
				GCC_WARN_UNDECLARED_SELECTOR = YES;
				GCC_WARN_UNINITIALIZED_AUTOS = YES_AGGRESSIVE;
				GCC_WARN_UNUSED_FUNCTION = YES;
				GCC_WARN_UNUSED_VARIABLE = YES;
				IPHONEOS_DEPLOYMENT_TARGET = 15.4;
				MTL_ENABLE_DEBUG_INFO = INCLUDE_SOURCE;
				MTL_FAST_MATH = YES;
				ONLY_ACTIVE_ARCH = YES;
				SDKROOT = iphoneos;
				SWIFT_ACTIVE_COMPILATION_CONDITIONS = DEBUG;
				SWIFT_OPTIMIZATION_LEVEL = "-Onone";
			};
			name = Debug;
		};
		EECD04612838E8CF0025A614 /* Release */ = {
			isa = XCBuildConfiguration;
			buildSettings = {
				ALWAYS_SEARCH_USER_PATHS = NO;
				CLANG_ANALYZER_NONNULL = YES;
				CLANG_ANALYZER_NUMBER_OBJECT_CONVERSION = YES_AGGRESSIVE;
				CLANG_CXX_LANGUAGE_STANDARD = "gnu++17";
				CLANG_ENABLE_MODULES = YES;
				CLANG_ENABLE_OBJC_ARC = YES;
				CLANG_ENABLE_OBJC_WEAK = YES;
				CLANG_WARN_BLOCK_CAPTURE_AUTORELEASING = YES;
				CLANG_WARN_BOOL_CONVERSION = YES;
				CLANG_WARN_COMMA = YES;
				CLANG_WARN_CONSTANT_CONVERSION = YES;
				CLANG_WARN_DEPRECATED_OBJC_IMPLEMENTATIONS = YES;
				CLANG_WARN_DIRECT_OBJC_ISA_USAGE = YES_ERROR;
				CLANG_WARN_DOCUMENTATION_COMMENTS = YES;
				CLANG_WARN_EMPTY_BODY = YES;
				CLANG_WARN_ENUM_CONVERSION = YES;
				CLANG_WARN_INFINITE_RECURSION = YES;
				CLANG_WARN_INT_CONVERSION = YES;
				CLANG_WARN_NON_LITERAL_NULL_CONVERSION = YES;
				CLANG_WARN_OBJC_IMPLICIT_RETAIN_SELF = YES;
				CLANG_WARN_OBJC_LITERAL_CONVERSION = YES;
				CLANG_WARN_OBJC_ROOT_CLASS = YES_ERROR;
				CLANG_WARN_QUOTED_INCLUDE_IN_FRAMEWORK_HEADER = YES;
				CLANG_WARN_RANGE_LOOP_ANALYSIS = YES;
				CLANG_WARN_STRICT_PROTOTYPES = YES;
				CLANG_WARN_SUSPICIOUS_MOVE = YES;
				CLANG_WARN_UNGUARDED_AVAILABILITY = YES_AGGRESSIVE;
				CLANG_WARN_UNREACHABLE_CODE = YES;
				CLANG_WARN__DUPLICATE_METHOD_MATCH = YES;
				COPY_PHASE_STRIP = NO;
				DEBUG_INFORMATION_FORMAT = "dwarf-with-dsym";
				ENABLE_NS_ASSERTIONS = NO;
				ENABLE_STRICT_OBJC_MSGSEND = YES;
				GCC_C_LANGUAGE_STANDARD = gnu11;
				GCC_NO_COMMON_BLOCKS = YES;
				GCC_WARN_64_TO_32_BIT_CONVERSION = YES;
				GCC_WARN_ABOUT_RETURN_TYPE = YES_ERROR;
				GCC_WARN_UNDECLARED_SELECTOR = YES;
				GCC_WARN_UNINITIALIZED_AUTOS = YES_AGGRESSIVE;
				GCC_WARN_UNUSED_FUNCTION = YES;
				GCC_WARN_UNUSED_VARIABLE = YES;
				IPHONEOS_DEPLOYMENT_TARGET = 15.4;
				MTL_ENABLE_DEBUG_INFO = NO;
				MTL_FAST_MATH = YES;
				SDKROOT = iphoneos;
				SWIFT_COMPILATION_MODE = wholemodule;
				SWIFT_OPTIMIZATION_LEVEL = "-O";
				VALIDATE_PRODUCT = YES;
			};
			name = Release;
		};
		EECD04632838E8CF0025A614 /* Debug */ = {
			isa = XCBuildConfiguration;
			buildSettings = {
				ASSETCATALOG_COMPILER_APPICON_NAME = AppIcon;
				ASSETCATALOG_COMPILER_GLOBAL_ACCENT_COLOR_NAME = AccentColor;
				CODE_SIGN_STYLE = Automatic;
				CURRENT_PROJECT_VERSION = 1;
				DEVELOPMENT_ASSET_PATHS = "\"BucketList/Preview Content\"";
				ENABLE_PREVIEWS = YES;
				GENERATE_INFOPLIST_FILE = YES;
				INFOPLIST_KEY_NSFaceIDUsageDescription = "We need to unlock your data.";
				INFOPLIST_KEY_UIApplicationSceneManifest_Generation = YES;
				INFOPLIST_KEY_UIApplicationSupportsIndirectInputEvents = YES;
				INFOPLIST_KEY_UILaunchScreen_Generation = YES;
				INFOPLIST_KEY_UISupportedInterfaceOrientations_iPad = "UIInterfaceOrientationPortrait UIInterfaceOrientationPortraitUpsideDown UIInterfaceOrientationLandscapeLeft UIInterfaceOrientationLandscapeRight";
				INFOPLIST_KEY_UISupportedInterfaceOrientations_iPhone = "UIInterfaceOrientationPortrait UIInterfaceOrientationLandscapeLeft UIInterfaceOrientationLandscapeRight";
				LD_RUNPATH_SEARCH_PATHS = (
					"$(inherited)",
					"@executable_path/Frameworks",
				);
				MARKETING_VERSION = 1.0;
				PRODUCT_BUNDLE_IDENTIFIER = com.sg.BucketList;
				PRODUCT_NAME = "$(TARGET_NAME)";
				SWIFT_EMIT_LOC_STRINGS = YES;
				SWIFT_VERSION = 5.0;
				TARGETED_DEVICE_FAMILY = "1,2";
			};
			name = Debug;
		};
		EECD04642838E8CF0025A614 /* Release */ = {
			isa = XCBuildConfiguration;
			buildSettings = {
				ASSETCATALOG_COMPILER_APPICON_NAME = AppIcon;
				ASSETCATALOG_COMPILER_GLOBAL_ACCENT_COLOR_NAME = AccentColor;
				CODE_SIGN_STYLE = Automatic;
				CURRENT_PROJECT_VERSION = 1;
				DEVELOPMENT_ASSET_PATHS = "\"BucketList/Preview Content\"";
				ENABLE_PREVIEWS = YES;
				GENERATE_INFOPLIST_FILE = YES;
				INFOPLIST_KEY_NSFaceIDUsageDescription = "We need to unlock your data.";
				INFOPLIST_KEY_UIApplicationSceneManifest_Generation = YES;
				INFOPLIST_KEY_UIApplicationSupportsIndirectInputEvents = YES;
				INFOPLIST_KEY_UILaunchScreen_Generation = YES;
				INFOPLIST_KEY_UISupportedInterfaceOrientations_iPad = "UIInterfaceOrientationPortrait UIInterfaceOrientationPortraitUpsideDown UIInterfaceOrientationLandscapeLeft UIInterfaceOrientationLandscapeRight";
				INFOPLIST_KEY_UISupportedInterfaceOrientations_iPhone = "UIInterfaceOrientationPortrait UIInterfaceOrientationLandscapeLeft UIInterfaceOrientationLandscapeRight";
				LD_RUNPATH_SEARCH_PATHS = (
					"$(inherited)",
					"@executable_path/Frameworks",
				);
				MARKETING_VERSION = 1.0;
				PRODUCT_BUNDLE_IDENTIFIER = com.sg.BucketList;
				PRODUCT_NAME = "$(TARGET_NAME)";
				SWIFT_EMIT_LOC_STRINGS = YES;
				SWIFT_VERSION = 5.0;
				TARGETED_DEVICE_FAMILY = "1,2";
			};
			name = Release;
		};
/* End XCBuildConfiguration section */

/* Begin XCConfigurationList section */
		EECD044F2838E8C40025A614 /* Build configuration list for PBXProject "BucketList" */ = {
			isa = XCConfigurationList;
			buildConfigurations = (
				EECD04602838E8CF0025A614 /* Debug */,
				EECD04612838E8CF0025A614 /* Release */,
			);
			defaultConfigurationIsVisible = 0;
			defaultConfigurationName = Release;
		};
		EECD04622838E8CF0025A614 /* Build configuration list for PBXNativeTarget "BucketList" */ = {
			isa = XCConfigurationList;
			buildConfigurations = (
				EECD04632838E8CF0025A614 /* Debug */,
				EECD04642838E8CF0025A614 /* Release */,
			);
			defaultConfigurationIsVisible = 0;
			defaultConfigurationName = Release;
		};
/* End XCConfigurationList section */
	};
	rootObject = EECD044C2838E8C40025A614 /* Project object */;
}
