// !$*UTF8*$!
{
	archiveVersion = 1;
	classes = {
	};
	objectVersion = 55;
	objects = {

/* Begin PBXBuildFile section */
		EEBDD96F2833ACF400D16BD6 /* BookwormApp.swift in Sources */ = {isa = PBXBuildFile; fileRef = EEBDD96E2833ACF400D16BD6 /* BookwormApp.swift */; };
		EEBDD9712833ACF400D16BD6 /* StudentView.swift in Sources */ = {isa = PBXBuildFile; fileRef = EEBDD9702833ACF400D16BD6 /* StudentView.swift */; };
		EEBDD9732833ACFE00D16BD6 /* Assets.xcassets in Resources */ = {isa = PBXBuildFile; fileRef = EEBDD9722833ACFE00D16BD6 /* Assets.xcassets */; };
		EEBDD9762833ACFE00D16BD6 /* Preview Assets.xcassets in Resources */ = {isa = PBXBuildFile; fileRef = EEBDD9752833ACFE00D16BD6 /* Preview Assets.xcassets */; };
		EEBDD97D2833AFE300D16BD6 /* PushButton.swift in Sources */ = {isa = PBXBuildFile; fileRef = EEBDD97C2833AFE300D16BD6 /* PushButton.swift */; };
		EEBDD9802833C12800D16BD6 /* Bookworm.xcdatamodeld in Sources */ = {isa = PBXBuildFile; fileRef = EEBDD97E2833C12800D16BD6 /* Bookworm.xcdatamodeld */; };
		EEBDD9822833C1A100D16BD6 /* DataController.swift in Sources */ = {isa = PBXBuildFile; fileRef = EEBDD9812833C1A100D16BD6 /* DataController.swift */; };
		EEBDD9842833CB5C00D16BD6 /* ContentView.swift in Sources */ = {isa = PBXBuildFile; fileRef = EEBDD9832833CB5C00D16BD6 /* ContentView.swift */; };
		EEBDD9862833CC2400D16BD6 /* AddBookView.swift in Sources */ = {isa = PBXBuildFile; fileRef = EEBDD9852833CC2400D16BD6 /* AddBookView.swift */; };
		EEF226A32834C731002CF680 /* RatingView.swift in Sources */ = {isa = PBXBuildFile; fileRef = EEF226A22834C731002CF680 /* RatingView.swift */; };
		EEF226A52834C9DA002CF680 /* EmojiRatingView.swift in Sources */ = {isa = PBXBuildFile; fileRef = EEF226A42834C9DA002CF680 /* EmojiRatingView.swift */; };
		EEF226A728350843002CF680 /* DetailView.swift in Sources */ = {isa = PBXBuildFile; fileRef = EEF226A628350843002CF680 /* DetailView.swift */; };
/* End PBXBuildFile section */

/* Begin PBXFileReference section */
		EEBDD96B2833ACF400D16BD6 /* Bookworm.app */ = {isa = PBXFileReference; explicitFileType = wrapper.application; includeInIndex = 0; path = Bookworm.app; sourceTree = BUILT_PRODUCTS_DIR; };
		EEBDD96E2833ACF400D16BD6 /* BookwormApp.swift */ = {isa = PBXFileReference; lastKnownFileType = sourcecode.swift; path = BookwormApp.swift; sourceTree = "<group>"; };
		EEBDD9702833ACF400D16BD6 /* StudentView.swift */ = {isa = PBXFileReference; lastKnownFileType = sourcecode.swift; path = StudentView.swift; sourceTree = "<group>"; };
		EEBDD9722833ACFE00D16BD6 /* Assets.xcassets */ = {isa = PBXFileReference; lastKnownFileType = folder.assetcatalog; path = Assets.xcassets; sourceTree = "<group>"; };
		EEBDD9752833ACFE00D16BD6 /* Preview Assets.xcassets */ = {isa = PBXFileReference; lastKnownFileType = folder.assetcatalog; path = "Preview Assets.xcassets"; sourceTree = "<group>"; };
		EEBDD97C2833AFE300D16BD6 /* PushButton.swift */ = {isa = PBXFileReference; lastKnownFileType = sourcecode.swift; path = PushButton.swift; sourceTree = "<group>"; };
		EEBDD97F2833C12800D16BD6 /* Bookworm.xcdatamodel */ = {isa = PBXFileReference; lastKnownFileType = wrapper.xcdatamodel; path = Bookworm.xcdatamodel; sourceTree = "<group>"; };
		EEBDD9812833C1A100D16BD6 /* DataController.swift */ = {isa = PBXFileReference; lastKnownFileType = sourcecode.swift; path = DataController.swift; sourceTree = "<group>"; };
		EEBDD9832833CB5C00D16BD6 /* ContentView.swift */ = {isa = PBXFileReference; lastKnownFileType = sourcecode.swift; path = ContentView.swift; sourceTree = "<group>"; };
		EEBDD9852833CC2400D16BD6 /* AddBookView.swift */ = {isa = PBXFileReference; lastKnownFileType = sourcecode.swift; path = AddBookView.swift; sourceTree = "<group>"; };
		EEF226A22834C731002CF680 /* RatingView.swift */ = {isa = PBXFileReference; lastKnownFileType = sourcecode.swift; path = RatingView.swift; sourceTree = "<group>"; };
		EEF226A42834C9DA002CF680 /* EmojiRatingView.swift */ = {isa = PBXFileReference; lastKnownFileType = sourcecode.swift; path = EmojiRatingView.swift; sourceTree = "<group>"; };
		EEF226A628350843002CF680 /* DetailView.swift */ = {isa = PBXFileReference; lastKnownFileType = sourcecode.swift; path = DetailView.swift; sourceTree = "<group>"; };
/* End PBXFileReference section */

/* Begin PBXFrameworksBuildPhase section */
		EEBDD9682833ACF400D16BD6 /* Frameworks */ = {
			isa = PBXFrameworksBuildPhase;
			buildActionMask = 2147483647;
			files = (
			);
			runOnlyForDeploymentPostprocessing = 0;
		};
/* End PBXFrameworksBuildPhase section */

/* Begin PBXGroup section */
		EEBDD9622833ACF400D16BD6 = {
			isa = PBXGroup;
			children = (
				EEBDD96D2833ACF400D16BD6 /* Bookworm */,
				EEBDD96C2833ACF400D16BD6 /* Products */,
			);
			sourceTree = "<group>";
		};
		EEBDD96C2833ACF400D16BD6 /* Products */ = {
			isa = PBXGroup;
			children = (
				EEBDD96B2833ACF400D16BD6 /* Bookworm.app */,
			);
			name = Products;
			sourceTree = "<group>";
		};
		EEBDD96D2833ACF400D16BD6 /* Bookworm */ = {
			isa = PBXGroup;
			children = (
				EEBDD9852833CC2400D16BD6 /* AddBookView.swift */,
				EEF226A42834C9DA002CF680 /* EmojiRatingView.swift */,
				EEBDD9832833CB5C00D16BD6 /* ContentView.swift */,
				EEBDD9812833C1A100D16BD6 /* DataController.swift */,
				EEBDD96E2833ACF400D16BD6 /* BookwormApp.swift */,
				EEBDD9702833ACF400D16BD6 /* StudentView.swift */,
				EEBDD97E2833C12800D16BD6 /* Bookworm.xcdatamodeld */,
				EEBDD97C2833AFE300D16BD6 /* PushButton.swift */,
				EEBDD9722833ACFE00D16BD6 /* Assets.xcassets */,
				EEBDD9742833ACFE00D16BD6 /* Preview Content */,
				EEF226A22834C731002CF680 /* RatingView.swift */,
				EEF226A628350843002CF680 /* DetailView.swift */,
			);
			path = Bookworm;
			sourceTree = "<group>";
		};
		EEBDD9742833ACFE00D16BD6 /* Preview Content */ = {
			isa = PBXGroup;
			children = (
				EEBDD9752833ACFE00D16BD6 /* Preview Assets.xcassets */,
			);
			path = "Preview Content";
			sourceTree = "<group>";
		};
/* End PBXGroup section */

/* Begin PBXNativeTarget section */
		EEBDD96A2833ACF400D16BD6 /* Bookworm */ = {
			isa = PBXNativeTarget;
			buildConfigurationList = EEBDD9792833ACFE00D16BD6 /* Build configuration list for PBXNativeTarget "Bookworm" */;
			buildPhases = (
				EEBDD9672833ACF400D16BD6 /* Sources */,
				EEBDD9682833ACF400D16BD6 /* Frameworks */,
				EEBDD9692833ACF400D16BD6 /* Resources */,
			);
			buildRules = (
			);
			dependencies = (
			);
			name = Bookworm;
			productName = Bookworm;
			productReference = EEBDD96B2833ACF400D16BD6 /* Bookworm.app */;
			productType = "com.apple.product-type.application";
		};
/* End PBXNativeTarget section */

/* Begin PBXProject section */
		EEBDD9632833ACF400D16BD6 /* Project object */ = {
			isa = PBXProject;
			attributes = {
				BuildIndependentTargetsInParallel = 1;
				LastSwiftUpdateCheck = 1330;
				LastUpgradeCheck = 1330;
				TargetAttributes = {
					EEBDD96A2833ACF400D16BD6 = {
						CreatedOnToolsVersion = 13.3.1;
					};
				};
			};
			buildConfigurationList = EEBDD9662833ACF400D16BD6 /* Build configuration list for PBXProject "Bookworm" */;
			compatibilityVersion = "Xcode 13.0";
			developmentRegion = en;
			hasScannedForEncodings = 0;
			knownRegions = (
				en,
				Base,
			);
			mainGroup = EEBDD9622833ACF400D16BD6;
			productRefGroup = EEBDD96C2833ACF400D16BD6 /* Products */;
			projectDirPath = "";
			projectRoot = "";
			targets = (
				EEBDD96A2833ACF400D16BD6 /* Bookworm */,
			);
		};
/* End PBXProject section */

/* Begin PBXResourcesBuildPhase section */
		EEBDD9692833ACF400D16BD6 /* Resources */ = {
			isa = PBXResourcesBuildPhase;
			buildActionMask = 2147483647;
			files = (
				EEBDD9762833ACFE00D16BD6 /* Preview Assets.xcassets in Resources */,
				EEBDD9732833ACFE00D16BD6 /* Assets.xcassets in Resources */,
			);
			runOnlyForDeploymentPostprocessing = 0;
		};
/* End PBXResourcesBuildPhase section */

/* Begin PBXSourcesBuildPhase section */
		EEBDD9672833ACF400D16BD6 /* Sources */ = {
			isa = PBXSourcesBuildPhase;
			buildActionMask = 2147483647;
			files = (
				EEBDD9862833CC2400D16BD6 /* AddBookView.swift in Sources */,
				EEF226A52834C9DA002CF680 /* EmojiRatingView.swift in Sources */,
				EEBDD9822833C1A100D16BD6 /* DataController.swift in Sources */,
				EEF226A728350843002CF680 /* DetailView.swift in Sources */,
				EEBDD9712833ACF400D16BD6 /* StudentView.swift in Sources */,
				EEF226A32834C731002CF680 /* RatingView.swift in Sources */,
				EEBDD9842833CB5C00D16BD6 /* ContentView.swift in Sources */,
				EEBDD9802833C12800D16BD6 /* Bookworm.xcdatamodeld in Sources */,
				EEBDD96F2833ACF400D16BD6 /* BookwormApp.swift in Sources */,
				EEBDD97D2833AFE300D16BD6 /* PushButton.swift in Sources */,
			);
			runOnlyForDeploymentPostprocessing = 0;
		};
/* End PBXSourcesBuildPhase section */

/* Begin XCBuildConfiguration section */
		EEBDD9772833ACFE00D16BD6 /* Debug */ = {
			isa = XCBuildConfiguration;
			buildSettings = {
				ALWAYS_SEARCH_USER_PATHS = NO;
				CLANG_ANALYZER_NONNULL = YES;
				CLANG_ANALYZER_NUMBER_OBJECT_CONVERSION = YES_AGGRESSIVE;
				CLANG_CXX_LANGUAGE_STANDARD = "gnu++17";
				CLANG_ENABLE_MODULES = YES;
				CLANG_ENABLE_OBJC_ARC = YES;
				CLANG_ENABLE_OBJC_WEAK = YES;
				CLANG_WARN_BLOCK_CAPTURE_AUTORELEASING = YES;
				CLANG_WARN_BOOL_CONVERSION = YES;
				CLANG_WARN_COMMA = YES;
				CLANG_WARN_CONSTANT_CONVERSION = YES;
				CLANG_WARN_DEPRECATED_OBJC_IMPLEMENTATIONS = YES;
				CLANG_WARN_DIRECT_OBJC_ISA_USAGE = YES_ERROR;
				CLANG_WARN_DOCUMENTATION_COMMENTS = YES;
				CLANG_WARN_EMPTY_BODY = YES;
				CLANG_WARN_ENUM_CONVERSION = YES;
				CLANG_WARN_INFINITE_RECURSION = YES;
				CLANG_WARN_INT_CONVERSION = YES;
				CLANG_WARN_NON_LITERAL_NULL_CONVERSION = YES;
				CLANG_WARN_OBJC_IMPLICIT_RETAIN_SELF = YES;
				CLANG_WARN_OBJC_LITERAL_CONVERSION = YES;
				CLANG_WARN_OBJC_ROOT_CLASS = YES_ERROR;
				CLANG_WARN_QUOTED_INCLUDE_IN_FRAMEWORK_HEADER = YES;
				CLANG_WARN_RANGE_LOOP_ANALYSIS = YES;
				CLANG_WARN_STRICT_PROTOTYPES = YES;
				CLANG_WARN_SUSPICIOUS_MOVE = YES;
				CLANG_WARN_UNGUARDED_AVAILABILITY = YES_AGGRESSIVE;
				CLANG_WARN_UNREACHABLE_CODE = YES;
				CLANG_WARN__DUPLICATE_METHOD_MATCH = YES;
				COPY_PHASE_STRIP = NO;
				DEBUG_INFORMATION_FORMAT = dwarf;
				ENABLE_STRICT_OBJC_MSGSEND = YES;
				ENABLE_TESTABILITY = YES;
				GCC_C_LANGUAGE_STANDARD = gnu11;
				GCC_DYNAMIC_NO_PIC = NO;
				GCC_NO_COMMON_BLOCKS = YES;
				GCC_OPTIMIZATION_LEVEL = 0;
				GCC_PREPROCESSOR_DEFINITIONS = (
					"DEBUG=1",
					"$(inherited)",
				);
				GCC_WARN_64_TO_32_BIT_CONVERSION = YES;
				GCC_WARN_ABOUT_RETURN_TYPE = YES_ERROR;
				GCC_WARN_UNDECLARED_SELECTOR = YES;
				GCC_WARN_UNINITIALIZED_AUTOS = YES_AGGRESSIVE;
				GCC_WARN_UNUSED_FUNCTION = YES;
				GCC_WARN_UNUSED_VARIABLE = YES;
				IPHONEOS_DEPLOYMENT_TARGET = 15.4;
				MTL_ENABLE_DEBUG_INFO = INCLUDE_SOURCE;
				MTL_FAST_MATH = YES;
				ONLY_ACTIVE_ARCH = YES;
				SDKROOT = iphoneos;
				SWIFT_ACTIVE_COMPILATION_CONDITIONS = DEBUG;
				SWIFT_OPTIMIZATION_LEVEL = "-Onone";
			};
			name = Debug;
		};
		EEBDD9782833ACFE00D16BD6 /* Release */ = {
			isa = XCBuildConfiguration;
			buildSettings = {
				ALWAYS_SEARCH_USER_PATHS = NO;
				CLANG_ANALYZER_NONNULL = YES;
				CLANG_ANALYZER_NUMBER_OBJECT_CONVERSION = YES_AGGRESSIVE;
				CLANG_CXX_LANGUAGE_STANDARD = "gnu++17";
				CLANG_ENABLE_MODULES = YES;
				CLANG_ENABLE_OBJC_ARC = YES;
				CLANG_ENABLE_OBJC_WEAK = YES;
				CLANG_WARN_BLOCK_CAPTURE_AUTORELEASING = YES;
				CLANG_WARN_BOOL_CONVERSION = YES;
				CLANG_WARN_COMMA = YES;
				CLANG_WARN_CONSTANT_CONVERSION = YES;
				CLANG_WARN_DEPRECATED_OBJC_IMPLEMENTATIONS = YES;
				CLANG_WARN_DIRECT_OBJC_ISA_USAGE = YES_ERROR;
				CLANG_WARN_DOCUMENTATION_COMMENTS = YES;
				CLANG_WARN_EMPTY_BODY = YES;
				CLANG_WARN_ENUM_CONVERSION = YES;
				CLANG_WARN_INFINITE_RECURSION = YES;
				CLANG_WARN_INT_CONVERSION = YES;
				CLANG_WARN_NON_LITERAL_NULL_CONVERSION = YES;
				CLANG_WARN_OBJC_IMPLICIT_RETAIN_SELF = YES;
				CLANG_WARN_OBJC_LITERAL_CONVERSION = YES;
				CLANG_WARN_OBJC_ROOT_CLASS = YES_ERROR;
				CLANG_WARN_QUOTED_INCLUDE_IN_FRAMEWORK_HEADER = YES;
				CLANG_WARN_RANGE_LOOP_ANALYSIS = YES;
				CLANG_WARN_STRICT_PROTOTYPES = YES;
				CLANG_WARN_SUSPICIOUS_MOVE = YES;
				CLANG_WARN_UNGUARDED_AVAILABILITY = YES_AGGRESSIVE;
				CLANG_WARN_UNREACHABLE_CODE = YES;
				CLANG_WARN__DUPLICATE_METHOD_MATCH = YES;
				COPY_PHASE_STRIP = NO;
				DEBUG_INFORMATION_FORMAT = "dwarf-with-dsym";
				ENABLE_NS_ASSERTIONS = NO;
				ENABLE_STRICT_OBJC_MSGSEND = YES;
				GCC_C_LANGUAGE_STANDARD = gnu11;
				GCC_NO_COMMON_BLOCKS = YES;
				GCC_WARN_64_TO_32_BIT_CONVERSION = YES;
				GCC_WARN_ABOUT_RETURN_TYPE = YES_ERROR;
				GCC_WARN_UNDECLARED_SELECTOR = YES;
				GCC_WARN_UNINITIALIZED_AUTOS = YES_AGGRESSIVE;
				GCC_WARN_UNUSED_FUNCTION = YES;
				GCC_WARN_UNUSED_VARIABLE = YES;
				IPHONEOS_DEPLOYMENT_TARGET = 15.4;
				MTL_ENABLE_DEBUG_INFO = NO;
				MTL_FAST_MATH = YES;
				SDKROOT = iphoneos;
				SWIFT_COMPILATION_MODE = wholemodule;
				SWIFT_OPTIMIZATION_LEVEL = "-O";
				VALIDATE_PRODUCT = YES;
			};
			name = Release;
		};
		EEBDD97A2833ACFE00D16BD6 /* Debug */ = {
			isa = XCBuildConfiguration;
			buildSettings = {
				ASSETCATALOG_COMPILER_APPICON_NAME = AppIcon;
				ASSETCATALOG_COMPILER_GLOBAL_ACCENT_COLOR_NAME = AccentColor;
				CODE_SIGN_STYLE = Automatic;
				CURRENT_PROJECT_VERSION = 1;
				DEVELOPMENT_ASSET_PATHS = "\"Bookworm/Preview Content\"";
				ENABLE_PREVIEWS = YES;
				GENERATE_INFOPLIST_FILE = YES;
				INFOPLIST_KEY_UIApplicationSceneManifest_Generation = YES;
				INFOPLIST_KEY_UIApplicationSupportsIndirectInputEvents = YES;
				INFOPLIST_KEY_UILaunchScreen_Generation = YES;
				INFOPLIST_KEY_UISupportedInterfaceOrientations_iPad = "UIInterfaceOrientationPortrait UIInterfaceOrientationPortraitUpsideDown UIInterfaceOrientationLandscapeLeft UIInterfaceOrientationLandscapeRight";
				INFOPLIST_KEY_UISupportedInterfaceOrientations_iPhone = "UIInterfaceOrientationPortrait UIInterfaceOrientationLandscapeLeft UIInterfaceOrientationLandscapeRight";
				LD_RUNPATH_SEARCH_PATHS = (
					"$(inherited)",
					"@executable_path/Frameworks",
				);
				MARKETING_VERSION = 1.0;
				PRODUCT_BUNDLE_IDENTIFIER = com.sg.Bookworm;
				PRODUCT_NAME = "$(TARGET_NAME)";
				SWIFT_EMIT_LOC_STRINGS = YES;
				SWIFT_VERSION = 5.0;
				TARGETED_DEVICE_FAMILY = "1,2";
			};
			name = Debug;
		};
		EEBDD97B2833ACFE00D16BD6 /* Release */ = {
			isa = XCBuildConfiguration;
			buildSettings = {
				ASSETCATALOG_COMPILER_APPICON_NAME = AppIcon;
				ASSETCATALOG_COMPILER_GLOBAL_ACCENT_COLOR_NAME = AccentColor;
				CODE_SIGN_STYLE = Automatic;
				CURRENT_PROJECT_VERSION = 1;
				DEVELOPMENT_ASSET_PATHS = "\"Bookworm/Preview Content\"";
				ENABLE_PREVIEWS = YES;
				GENERATE_INFOPLIST_FILE = YES;
				INFOPLIST_KEY_UIApplicationSceneManifest_Generation = YES;
				INFOPLIST_KEY_UIApplicationSupportsIndirectInputEvents = YES;
				INFOPLIST_KEY_UILaunchScreen_Generation = YES;
				INFOPLIST_KEY_UISupportedInterfaceOrientations_iPad = "UIInterfaceOrientationPortrait UIInterfaceOrientationPortraitUpsideDown UIInterfaceOrientationLandscapeLeft UIInterfaceOrientationLandscapeRight";
				INFOPLIST_KEY_UISupportedInterfaceOrientations_iPhone = "UIInterfaceOrientationPortrait UIInterfaceOrientationLandscapeLeft UIInterfaceOrientationLandscapeRight";
				LD_RUNPATH_SEARCH_PATHS = (
					"$(inherited)",
					"@executable_path/Frameworks",
				);
				MARKETING_VERSION = 1.0;
				PRODUCT_BUNDLE_IDENTIFIER = com.sg.Bookworm;
				PRODUCT_NAME = "$(TARGET_NAME)";
				SWIFT_EMIT_LOC_STRINGS = YES;
				SWIFT_VERSION = 5.0;
				TARGETED_DEVICE_FAMILY = "1,2";
			};
			name = Release;
		};
/* End XCBuildConfiguration section */

/* Begin XCConfigurationList section */
		EEBDD9662833ACF400D16BD6 /* Build configuration list for PBXProject "Bookworm" */ = {
			isa = XCConfigurationList;
			buildConfigurations = (
				EEBDD9772833ACFE00D16BD6 /* Debug */,
				EEBDD9782833ACFE00D16BD6 /* Release */,
			);
			defaultConfigurationIsVisible = 0;
			defaultConfigurationName = Release;
		};
		EEBDD9792833ACFE00D16BD6 /* Build configuration list for PBXNativeTarget "Bookworm" */ = {
			isa = XCConfigurationList;
			buildConfigurations = (
				EEBDD97A2833ACFE00D16BD6 /* Debug */,
				EEBDD97B2833ACFE00D16BD6 /* Release */,
			);
			defaultConfigurationIsVisible = 0;
			defaultConfigurationName = Release;
		};
/* End XCConfigurationList section */

/* Begin XCVersionGroup section */
		EEBDD97E2833C12800D16BD6 /* Bookworm.xcdatamodeld */ = {
			isa = XCVersionGroup;
			children = (
				EEBDD97F2833C12800D16BD6 /* Bookworm.xcdatamodel */,
			);
			currentVersion = EEBDD97F2833C12800D16BD6 /* Bookworm.xcdatamodel */;
			path = Bookworm.xcdatamodeld;
			sourceTree = "<group>";
			versionGroupType = wrapper.xcdatamodel;
		};
/* End XCVersionGroup section */
	};
	rootObject = EEBDD9632833ACF400D16BD6 /* Project object */;
}
